
Microsoft Visual Studio Solution File, Format Version 12.00
# Visual Studio Version 16
VisualStudioVersion = 16.0.30320.27
MinimumVisualStudioVersion = 10.0.40219.1
Project("{8BC9CEB8-8B4A-11D0-8D11-00A0C91BC942}") = "1. 입출력과 사칙연산", "1. 입출력과 사칙연산\1. 입출력과 사칙연산.vcxproj", "{01C484DF-5D93-4F72-8605-97A9C088F214}"
EndProject
Project("{8BC9CEB8-8B4A-11D0-8D11-00A0C91BC942}") = "2. if문", "2. if문\2. if문.vcxproj", "{105FE13E-CD66-424B-BA73-9F1886EBE8AD}"
EndProject
Project("{8BC9CEB8-8B4A-11D0-8D11-00A0C91BC942}") = "3. for문", "3. for문\3. for문.vcxproj", "{089C6380-3835-4FF8-8885-F91D6D3F4894}"
EndProject
Project("{8BC9CEB8-8B4A-11D0-8D11-00A0C91BC942}") = "4. while문", "4. while문\4. while문.vcxproj", "{3FE71FE8-2D71-4963-8D6A-C540962A6635}"
EndProject
Project("{8BC9CEB8-8B4A-11D0-8D11-00A0C91BC942}") = "부록", "5. 실습 1\5. 실습 1.vcxproj", "{AE9065BC-77C5-4C49-B7D3-1E1F515794E7}"
EndProject
Project("{8BC9CEB8-8B4A-11D0-8D11-00A0C91BC942}") = "5. 1차원 배열", "5. 1차원 배열\5. 1차원 배열.vcxproj", "{FCB5894C-37CC-46A3-BAAB-955C2A60C4D8}"
EndProject
Project("{8BC9CEB8-8B4A-11D0-8D11-00A0C91BC942}") = "6. 함수", "6. 함수\6. 함수.vcxproj", "{B801F9F7-DA56-4666-B4ED-593947200B84}"
EndProject
Project("{8BC9CEB8-8B4A-11D0-8D11-00A0C91BC942}") = "7. 문자열", "7. 문자열\7. 문자열.vcxproj", "{E923D8CA-2A23-4AC2-B887-233BA30D7D57}"
EndProject
Global
	GlobalSection(SolutionConfigurationPlatforms) = preSolution
		Debug|x64 = Debug|x64
		Debug|x86 = Debug|x86
		Release|x64 = Release|x64
		Release|x86 = Release|x86
	EndGlobalSection
	GlobalSection(ProjectConfigurationPlatforms) = postSolution
		{01C484DF-5D93-4F72-8605-97A9C088F214}.Debug|x64.ActiveCfg = Debug|x64
		{01C484DF-5D93-4F72-8605-97A9C088F214}.Debug|x64.Build.0 = Debug|x64
		{01C484DF-5D93-4F72-8605-97A9C088F214}.Debug|x86.ActiveCfg = Debug|Win32
		{01C484DF-5D93-4F72-8605-97A9C088F214}.Debug|x86.Build.0 = Debug|Win32
		{01C484DF-5D93-4F72-8605-97A9C088F214}.Release|x64.ActiveCfg = Release|x64
		{01C484DF-5D93-4F72-8605-97A9C088F214}.Release|x64.Build.0 = Release|x64
		{01C484DF-5D93-4F72-8605-97A9C088F214}.Release|x86.ActiveCfg = Release|Win32
		{01C484DF-5D93-4F72-8605-97A9C088F214}.Release|x86.Build.0 = Release|Win32
		{105FE13E-CD66-424B-BA73-9F1886EBE8AD}.Debug|x64.ActiveCfg = Debug|x64
		{105FE13E-CD66-424B-BA73-9F1886EBE8AD}.Debug|x64.Build.0 = Debug|x64
		{105FE13E-CD66-424B-BA73-9F1886EBE8AD}.Debug|x86.ActiveCfg = Debug|Win32
		{105FE13E-CD66-424B-BA73-9F1886EBE8AD}.Debug|x86.Build.0 = Debug|Win32
		{105FE13E-CD66-424B-BA73-9F1886EBE8AD}.Release|x64.ActiveCfg = Release|x64
		{105FE13E-CD66-424B-BA73-9F1886EBE8AD}.Release|x64.Build.0 = Release|x64
		{105FE13E-CD66-424B-BA73-9F1886EBE8AD}.Release|x86.ActiveCfg = Release|Win32
		{105FE13E-CD66-424B-BA73-9F1886EBE8AD}.Release|x86.Build.0 = Release|Win32
		{089C6380-3835-4FF8-8885-F91D6D3F4894}.Debug|x64.ActiveCfg = Debug|x64
		{089C6380-3835-4FF8-8885-F91D6D3F4894}.Debug|x64.Build.0 = Debug|x64
		{089C6380-3835-4FF8-8885-F91D6D3F4894}.Debug|x86.ActiveCfg = Debug|Win32
		{089C6380-3835-4FF8-8885-F91D6D3F4894}.Debug|x86.Build.0 = Debug|Win32
		{089C6380-3835-4FF8-8885-F91D6D3F4894}.Release|x64.ActiveCfg = Release|x64
		{089C6380-3835-4FF8-8885-F91D6D3F4894}.Release|x64.Build.0 = Release|x64
		{089C6380-3835-4FF8-8885-F91D6D3F4894}.Release|x86.ActiveCfg = Release|Win32
		{089C6380-3835-4FF8-8885-F91D6D3F4894}.Release|x86.Build.0 = Release|Win32
		{3FE71FE8-2D71-4963-8D6A-C540962A6635}.Debug|x64.ActiveCfg = Debug|x64
		{3FE71FE8-2D71-4963-8D6A-C540962A6635}.Debug|x64.Build.0 = Debug|x64
		{3FE71FE8-2D71-4963-8D6A-C540962A6635}.Debug|x86.ActiveCfg = Debug|Win32
		{3FE71FE8-2D71-4963-8D6A-C540962A6635}.Debug|x86.Build.0 = Debug|Win32
		{3FE71FE8-2D71-4963-8D6A-C540962A6635}.Release|x64.ActiveCfg = Release|x64
		{3FE71FE8-2D71-4963-8D6A-C540962A6635}.Release|x64.Build.0 = Release|x64
		{3FE71FE8-2D71-4963-8D6A-C540962A6635}.Release|x86.ActiveCfg = Release|Win32
		{3FE71FE8-2D71-4963-8D6A-C540962A6635}.Release|x86.Build.0 = Release|Win32
		{AE9065BC-77C5-4C49-B7D3-1E1F515794E7}.Debug|x64.ActiveCfg = Debug|x64
		{AE9065BC-77C5-4C49-B7D3-1E1F515794E7}.Debug|x64.Build.0 = Debug|x64
		{AE9065BC-77C5-4C49-B7D3-1E1F515794E7}.Debug|x86.ActiveCfg = Debug|Win32
		{AE9065BC-77C5-4C49-B7D3-1E1F515794E7}.Debug|x86.Build.0 = Debug|Win32
		{AE9065BC-77C5-4C49-B7D3-1E1F515794E7}.Release|x64.ActiveCfg = Release|x64
		{AE9065BC-77C5-4C49-B7D3-1E1F515794E7}.Release|x64.Build.0 = Release|x64
		{AE9065BC-77C5-4C49-B7D3-1E1F515794E7}.Release|x86.ActiveCfg = Release|Win32
		{AE9065BC-77C5-4C49-B7D3-1E1F515794E7}.Release|x86.Build.0 = Release|Win32
		{FCB5894C-37CC-46A3-BAAB-955C2A60C4D8}.Debug|x64.ActiveCfg = Debug|x64
		{FCB5894C-37CC-46A3-BAAB-955C2A60C4D8}.Debug|x64.Build.0 = Debug|x64
		{FCB5894C-37CC-46A3-BAAB-955C2A60C4D8}.Debug|x86.ActiveCfg = Debug|Win32
		{FCB5894C-37CC-46A3-BAAB-955C2A60C4D8}.Debug|x86.Build.0 = Debug|Win32
		{FCB5894C-37CC-46A3-BAAB-955C2A60C4D8}.Release|x64.ActiveCfg = Release|x64
		{FCB5894C-37CC-46A3-BAAB-955C2A60C4D8}.Release|x64.Build.0 = Release|x64
		{FCB5894C-37CC-46A3-BAAB-955C2A60C4D8}.Release|x86.ActiveCfg = Release|Win32
		{FCB5894C-37CC-46A3-BAAB-955C2A60C4D8}.Release|x86.Build.0 = Release|Win32
		{B801F9F7-DA56-4666-B4ED-593947200B84}.Debug|x64.ActiveCfg = Debug|x64
		{B801F9F7-DA56-4666-B4ED-593947200B84}.Debug|x64.Build.0 = Debug|x64
		{B801F9F7-DA56-4666-B4ED-593947200B84}.Debug|x86.ActiveCfg = Debug|Win32
		{B801F9F7-DA56-4666-B4ED-593947200B84}.Debug|x86.Build.0 = Debug|Win32
		{B801F9F7-DA56-4666-B4ED-593947200B84}.Release|x64.ActiveCfg = Release|x64
		{B801F9F7-DA56-4666-B4ED-593947200B84}.Release|x64.Build.0 = Release|x64
		{B801F9F7-DA56-4666-B4ED-593947200B84}.Release|x86.ActiveCfg = Release|Win32
		{B801F9F7-DA56-4666-B4ED-593947200B84}.Release|x86.Build.0 = Release|Win32
		{E923D8CA-2A23-4AC2-B887-233BA30D7D57}.Debug|x64.ActiveCfg = Debug|x64
		{E923D8CA-2A23-4AC2-B887-233BA30D7D57}.Debug|x64.Build.0 = Debug|x64
		{E923D8CA-2A23-4AC2-B887-233BA30D7D57}.Debug|x86.ActiveCfg = Debug|Win32
		{E923D8CA-2A23-4AC2-B887-233BA30D7D57}.Debug|x86.Build.0 = Debug|Win32
		{E923D8CA-2A23-4AC2-B887-233BA30D7D57}.Release|x64.ActiveCfg = Release|x64
		{E923D8CA-2A23-4AC2-B887-233BA30D7D57}.Release|x64.Build.0 = Release|x64
		{E923D8CA-2A23-4AC2-B887-233BA30D7D57}.Release|x86.ActiveCfg = Release|Win32
		{E923D8CA-2A23-4AC2-B887-233BA30D7D57}.Release|x86.Build.0 = Release|Win32
	EndGlobalSection
	GlobalSection(SolutionProperties) = preSolution
		HideSolutionNode = FALSE
	EndGlobalSection
	GlobalSection(ExtensibilityGlobals) = postSolution
		SolutionGuid = {DA83658A-7D8E-42C4-91D9-6C0869108E68}
	EndGlobalSection
EndGlobal
